
Microsoft Visual Studio Solution File, Format Version 12.00
# Visual Studio Version 17
VisualStudioVersion = 17.2.32630.192
MinimumVisualStudioVersion = 10.0.40219.1
Project("{FAE04EC0-301F-11D3-BF4B-00C04F79EFBC}") = "ApiClimaNoticia", "ApiClimaNoticia\ApiClimaNoticia.csproj", "{48CD62DA-12B5-42C1-948B-233AF35F8190}"
EndProject
Project("{FAE04EC0-301F-11D3-BF4B-00C04F79EFBC}") = "WebClimaNoticia", "WebClimaNoticia\WebClimaNoticia.csproj", "{A82BFA92-CB8E-4ECA-A874-DB146734ACFB}"
EndProject
Global
	GlobalSection(SolutionConfigurationPlatforms) = preSolution
		Debug|Any CPU = Debug|Any CPU
		Release|Any CPU = Release|Any CPU
	EndGlobalSection
	GlobalSection(ProjectConfigurationPlatforms) = postSolution
		{48CD62DA-12B5-42C1-948B-233AF35F8190}.Debug|Any CPU.ActiveCfg = Debug|Any CPU
		{48CD62DA-12B5-42C1-948B-233AF35F8190}.Debug|Any CPU.Build.0 = Debug|Any CPU
		{48CD62DA-12B5-42C1-948B-233AF35F8190}.Release|Any CPU.ActiveCfg = Release|Any CPU
		{48CD62DA-12B5-42C1-948B-233AF35F8190}.Release|Any CPU.Build.0 = Release|Any CPU
		{A82BFA92-CB8E-4ECA-A874-DB146734ACFB}.Debug|Any CPU.ActiveCfg = Debug|Any CPU
		{A82BFA92-CB8E-4ECA-A874-DB146734ACFB}.Debug|Any CPU.Build.0 = Debug|Any CPU
		{A82BFA92-CB8E-4ECA-A874-DB146734ACFB}.Release|Any CPU.ActiveCfg = Release|Any CPU
		{A82BFA92-CB8E-4ECA-A874-DB146734ACFB}.Release|Any CPU.Build.0 = Release|Any CPU
	EndGlobalSection
	GlobalSection(SolutionProperties) = preSolution
		HideSolutionNode = FALSE
	EndGlobalSection
	GlobalSection(ExtensibilityGlobals) = postSolution
		SolutionGuid = {DCF3E0B1-2282-4EF8-A907-FE0681E1F168}
	EndGlobalSection
EndGlobal
